{
  "object": {
    "pins": [
      {
        "package": "NVActivityIndicatorView",
        "repositoryURL": "https://github.com/ninjaprox/NVActivityIndicatorView.git",
        "state": {
          "branch": null,
          "revision": "bcb52371f2259254bac6690f92bb474a61768c47",
          "version": "5.1.1"
        }
      },
      {
        "package": "PanModal",
        "repositoryURL": "https://github.com/slackhq/PanModal.git",
        "state": {
          "branch": null,
          "revision": "b012aecb6b67a8e46369227f893c12544846613f",
          "version": "1.2.7"
        }
      }
    ]
  },
  "version": 1
}
