// !$*UTF8*$!
{
	archiveVersion = 1;
	classes = {
	};
	objectVersion = 51;
	objects = {

/* Begin PBXBuildFile section */
		2C13045E262AD361006470C3 /* ExtendQRReaderView.swift in Sources */ = {isa = PBXBuildFile; fileRef = 2C13045D262AD360006470C3 /* ExtendQRReaderView.swift */; };
		2C130462262AD3F6006470C3 /* ExtendQRScanViewController.swift in Sources */ = {isa = PBXBuildFile; fileRef = 2C130461262AD3F6006470C3 /* ExtendQRScanViewController.swift */; };
		2C181FE025DE96B40075ACC6 /* ShowMySeat.swift in Sources */ = {isa = PBXBuildFile; fileRef = 2C181FDF25DE96B40075ACC6 /* ShowMySeat.swift */; };
		2C181FE325E062B50075ACC6 /* ShowMySeatCell.swift in Sources */ = {isa = PBXBuildFile; fileRef = 2C181FE225E062B50075ACC6 /* ShowMySeatCell.swift */; };
		2C295B17263F26F100C3641D /* AppStyle.swift in Sources */ = {isa = PBXBuildFile; fileRef = 2C295B16263F26F100C3641D /* AppStyle.swift */; };
		2C295B19263F26FD00C3641D /* TimeBarView.swift in Sources */ = {isa = PBXBuildFile; fileRef = 2C295B18263F26FD00C3641D /* TimeBarView.swift */; };
		2C295B1B263F278B00C3641D /* CameraAccess.swift in Sources */ = {isa = PBXBuildFile; fileRef = 2C295B1A263F278B00C3641D /* CameraAccess.swift */; };
		2C59B359260CC326003AB505 /* CollectionCell.swift in Sources */ = {isa = PBXBuildFile; fileRef = 2C59B357260CC326003AB505 /* CollectionCell.swift */; };
		2C59B35A260CC326003AB505 /* CollectionCell.xib in Resources */ = {isa = PBXBuildFile; fileRef = 2C59B358260CC326003AB505 /* CollectionCell.xib */; };
		2C59B371260CC4D6003AB505 /* logo_jungsook.png in Resources */ = {isa = PBXBuildFile; fileRef = 2C59B36D260CC4D6003AB505 /* logo_jungsook.png */; };
		2C59B372260CC4D6003AB505 /* logo_green.png in Resources */ = {isa = PBXBuildFile; fileRef = 2C59B36E260CC4D6003AB505 /* logo_green.png */; };
		2C59B373260CC4D6003AB505 /* logo_white.png in Resources */ = {isa = PBXBuildFile; fileRef = 2C59B36F260CC4D6003AB505 /* logo_white.png */; };
		2C59B374260CC4D6003AB505 /* splash_background.png in Resources */ = {isa = PBXBuildFile; fileRef = 2C59B370260CC4D6003AB505 /* splash_background.png */; };
		2C59B380260CC599003AB505 /* RequestAPI.swift in Sources */ = {isa = PBXBuildFile; fileRef = 2C59B37F260CC599003AB505 /* RequestAPI.swift */; };
		2C59B38E260CE90E003AB505 /* OptionViewController.swift in Sources */ = {isa = PBXBuildFile; fileRef = 2C59B38D260CE90E003AB505 /* OptionViewController.swift */; };
		2C59B392260CE92E003AB505 /* QRReaderView.swift in Sources */ = {isa = PBXBuildFile; fileRef = 2C59B391260CE92E003AB505 /* QRReaderView.swift */; };
		2C59B395260CE949003AB505 /* QRCodeViewController.swift in Sources */ = {isa = PBXBuildFile; fileRef = 2C59B394260CE949003AB505 /* QRCodeViewController.swift */; };
		2C59B398260CE961003AB505 /* QRScanViewController.swift in Sources */ = {isa = PBXBuildFile; fileRef = 2C59B397260CE961003AB505 /* QRScanViewController.swift */; };
		2C59B39D260CEA30003AB505 /* emptySeat.png in Resources */ = {isa = PBXBuildFile; fileRef = 2C59B39C260CEA30003AB505 /* emptySeat.png */; };
		2C59B3A0260CEA36003AB505 /* fullSeat.png in Resources */ = {isa = PBXBuildFile; fileRef = 2C59B39F260CEA36003AB505 /* fullSeat.png */; };
		2C59B3A3260CEA3B003AB505 /* ingSeat.png in Resources */ = {isa = PBXBuildFile; fileRef = 2C59B3A2260CEA3B003AB505 /* ingSeat.png */; };
		2C59B3A6260CEA42003AB505 /* selectedSeat.png in Resources */ = {isa = PBXBuildFile; fileRef = 2C59B3A5260CEA41003AB505 /* selectedSeat.png */; };
		2C59B3A9260CEA95003AB505 /* stdEx.png in Resources */ = {isa = PBXBuildFile; fileRef = 2C59B3A8260CEA95003AB505 /* stdEx.png */; };
		2C59B3AC260CEA9F003AB505 /* line.png in Resources */ = {isa = PBXBuildFile; fileRef = 2C59B3AB260CEA9F003AB505 /* line.png */; };
		2C59B3AF260CEAA7003AB505 /* imgOption.jpg in Resources */ = {isa = PBXBuildFile; fileRef = 2C59B3AE260CEAA7003AB505 /* imgOption.jpg */; };
		2C59B3B2260CEB25003AB505 /* Assets.xcassets in Resources */ = {isa = PBXBuildFile; fileRef = 2C59B3B1260CEB25003AB505 /* Assets.xcassets */; };
		2C9B3AE3264A69CC006016C9 /* GoogleService-Info.plist in Resources */ = {isa = PBXBuildFile; fileRef = 2C9B3AE2264A69CC006016C9 /* GoogleService-Info.plist */; };
		2CA0C11A263301840077E327 /* g300.ttf in Resources */ = {isa = PBXBuildFile; fileRef = 2CA0C118263301840077E327 /* g300.ttf */; };
		2CA0C11B263301840077E327 /* g600.ttf in Resources */ = {isa = PBXBuildFile; fileRef = 2CA0C119263301840077E327 /* g600.ttf */; };
		2CA0C1202633067C0077E327 /* btn_1.png in Resources */ = {isa = PBXBuildFile; fileRef = 2CA0C11F2633067C0077E327 /* btn_1.png */; };
		2CA0C123263306830077E327 /* btn_2.png in Resources */ = {isa = PBXBuildFile; fileRef = 2CA0C122263306830077E327 /* btn_2.png */; };
		2CA0C126263306890077E327 /* btn_3.png in Resources */ = {isa = PBXBuildFile; fileRef = 2CA0C125263306890077E327 /* btn_3.png */; };
		2CA6D515264FE4BD0031C356 /* UIFont.swift in Sources */ = {isa = PBXBuildFile; fileRef = 2CA6D514264FE4BD0031C356 /* UIFont.swift */; };
		2CBA2F692623526B000369FC /* Toast.swift in Sources */ = {isa = PBXBuildFile; fileRef = 2CBA2F682623526B000369FC /* Toast.swift */; };
		2CBA2F6C26235273000369FC /* Room.swift in Sources */ = {isa = PBXBuildFile; fileRef = 2CBA2F6B26235273000369FC /* Room.swift */; };
		2CBA2F6F262359A6000369FC /* OptionViewController.swift in Sources */ = {isa = PBXBuildFile; fileRef = 2CBA2F6E262359A6000369FC /* OptionViewController.swift */; };
		440220F1F69E5135B49233B7 /* Pods_ReadingRoomPRJ.framework in Frameworks */ = {isa = PBXBuildFile; fileRef = 24DCAD65E10983C472F9C7AF /* Pods_ReadingRoomPRJ.framework */; };
		79A61F8B25DE44BE00B5C24E /* MainViewController.swift in Sources */ = {isa = PBXBuildFile; fileRef = 79A61F8A25DE44BE00B5C24E /* MainViewController.swift */; };
		79A61F8E25DE46F200B5C24E /* MySeatViewController.swift in Sources */ = {isa = PBXBuildFile; fileRef = 79A61F8D25DE46F200B5C24E /* MySeatViewController.swift */; };
		79A61F9125DE47A400B5C24E /* ReserveViewController.swift in Sources */ = {isa = PBXBuildFile; fileRef = 79A61F9025DE47A400B5C24E /* ReserveViewController.swift */; };
		79B6A1B325DE347500666EAE /* AppDelegate.swift in Sources */ = {isa = PBXBuildFile; fileRef = 79B6A1B225DE347500666EAE /* AppDelegate.swift */; };
		79B6A1B525DE347500666EAE /* SceneDelegate.swift in Sources */ = {isa = PBXBuildFile; fileRef = 79B6A1B425DE347500666EAE /* SceneDelegate.swift */; };
		79B6A1B725DE347500666EAE /* LoginViewController.swift in Sources */ = {isa = PBXBuildFile; fileRef = 79B6A1B625DE347500666EAE /* LoginViewController.swift */; };
		79B6A1BA25DE347500666EAE /* Main.storyboard in Resources */ = {isa = PBXBuildFile; fileRef = 79B6A1B825DE347500666EAE /* Main.storyboard */; };
		79B6A1BD25DE347500666EAE /* ReadingRoomPRJ.xcdatamodeld in Sources */ = {isa = PBXBuildFile; fileRef = 79B6A1BB25DE347500666EAE /* ReadingRoomPRJ.xcdatamodeld */; };
		79B6A1C225DE347800666EAE /* LaunchScreen.storyboard in Resources */ = {isa = PBXBuildFile; fileRef = 79B6A1C025DE347800666EAE /* LaunchScreen.storyboard */; };
/* End PBXBuildFile section */

/* Begin PBXFileReference section */
		24DCAD65E10983C472F9C7AF /* Pods_ReadingRoomPRJ.framework */ = {isa = PBXFileReference; explicitFileType = wrapper.framework; includeInIndex = 0; path = Pods_ReadingRoomPRJ.framework; sourceTree = BUILT_PRODUCTS_DIR; };
		2C13045D262AD360006470C3 /* ExtendQRReaderView.swift */ = {isa = PBXFileReference; lastKnownFileType = sourcecode.swift; path = ExtendQRReaderView.swift; sourceTree = "<group>"; };
		2C130461262AD3F6006470C3 /* ExtendQRScanViewController.swift */ = {isa = PBXFileReference; lastKnownFileType = sourcecode.swift; path = ExtendQRScanViewController.swift; sourceTree = "<group>"; };
		2C181FDF25DE96B40075ACC6 /* ShowMySeat.swift */ = {isa = PBXFileReference; lastKnownFileType = sourcecode.swift; path = ShowMySeat.swift; sourceTree = "<group>"; };
		2C181FE225E062B50075ACC6 /* ShowMySeatCell.swift */ = {isa = PBXFileReference; lastKnownFileType = sourcecode.swift; path = ShowMySeatCell.swift; sourceTree = "<group>"; };
		2C295B16263F26F100C3641D /* AppStyle.swift */ = {isa = PBXFileReference; fileEncoding = 4; lastKnownFileType = sourcecode.swift; path = AppStyle.swift; sourceTree = "<group>"; };
		2C295B18263F26FD00C3641D /* TimeBarView.swift */ = {isa = PBXFileReference; fileEncoding = 4; lastKnownFileType = sourcecode.swift; path = TimeBarView.swift; sourceTree = "<group>"; };
		2C295B1A263F278B00C3641D /* CameraAccess.swift */ = {isa = PBXFileReference; lastKnownFileType = sourcecode.swift; path = CameraAccess.swift; sourceTree = "<group>"; };
		2C59B357260CC326003AB505 /* CollectionCell.swift */ = {isa = PBXFileReference; fileEncoding = 4; lastKnownFileType = sourcecode.swift; path = CollectionCell.swift; sourceTree = "<group>"; };
		2C59B358260CC326003AB505 /* CollectionCell.xib */ = {isa = PBXFileReference; fileEncoding = 4; lastKnownFileType = file.xib; path = CollectionCell.xib; sourceTree = "<group>"; };
		2C59B36D260CC4D6003AB505 /* logo_jungsook.png */ = {isa = PBXFileReference; lastKnownFileType = image.png; path = logo_jungsook.png; sourceTree = "<group>"; };
		2C59B36E260CC4D6003AB505 /* logo_green.png */ = {isa = PBXFileReference; lastKnownFileType = image.png; path = logo_green.png; sourceTree = "<group>"; };
		2C59B36F260CC4D6003AB505 /* logo_white.png */ = {isa = PBXFileReference; lastKnownFileType = image.png; path = logo_white.png; sourceTree = "<group>"; };
		2C59B370260CC4D6003AB505 /* splash_background.png */ = {isa = PBXFileReference; lastKnownFileType = image.png; path = splash_background.png; sourceTree = "<group>"; };
		2C59B376260CC4EA003AB505 /* RobotoMono-Regular.ttf */ = {isa = PBXFileReference; lastKnownFileType = file; path = "RobotoMono-Regular.ttf"; sourceTree = "<group>"; };
		2C59B37F260CC599003AB505 /* RequestAPI.swift */ = {isa = PBXFileReference; lastKnownFileType = sourcecode.swift; path = RequestAPI.swift; sourceTree = "<group>"; };
		2C59B38D260CE90E003AB505 /* OptionViewController.swift */ = {isa = PBXFileReference; lastKnownFileType = sourcecode.swift; path = OptionViewController.swift; sourceTree = "<group>"; };
		2C59B391260CE92E003AB505 /* QRReaderView.swift */ = {isa = PBXFileReference; lastKnownFileType = sourcecode.swift; path = QRReaderView.swift; sourceTree = "<group>"; };
		2C59B394260CE949003AB505 /* QRCodeViewController.swift */ = {isa = PBXFileReference; lastKnownFileType = sourcecode.swift; path = QRCodeViewController.swift; sourceTree = "<group>"; };
		2C59B397260CE961003AB505 /* QRScanViewController.swift */ = {isa = PBXFileReference; lastKnownFileType = sourcecode.swift; path = QRScanViewController.swift; sourceTree = "<group>"; };
		2C59B39C260CEA30003AB505 /* emptySeat.png */ = {isa = PBXFileReference; lastKnownFileType = image.png; path = emptySeat.png; sourceTree = "<group>"; };
		2C59B39F260CEA36003AB505 /* fullSeat.png */ = {isa = PBXFileReference; lastKnownFileType = image.png; path = fullSeat.png; sourceTree = "<group>"; };
		2C59B3A2260CEA3B003AB505 /* ingSeat.png */ = {isa = PBXFileReference; lastKnownFileType = image.png; path = ingSeat.png; sourceTree = "<group>"; };
		2C59B3A5260CEA41003AB505 /* selectedSeat.png */ = {isa = PBXFileReference; lastKnownFileType = image.png; path = selectedSeat.png; sourceTree = "<group>"; };
		2C59B3A8260CEA95003AB505 /* stdEx.png */ = {isa = PBXFileReference; lastKnownFileType = image.png; path = stdEx.png; sourceTree = "<group>"; };
		2C59B3AB260CEA9F003AB505 /* line.png */ = {isa = PBXFileReference; lastKnownFileType = image.png; path = line.png; sourceTree = "<group>"; };
		2C59B3AE260CEAA7003AB505 /* imgOption.jpg */ = {isa = PBXFileReference; lastKnownFileType = image.jpeg; path = imgOption.jpg; sourceTree = "<group>"; };
		2C59B3B1260CEB25003AB505 /* Assets.xcassets */ = {isa = PBXFileReference; lastKnownFileType = folder.assetcatalog; path = Assets.xcassets; sourceTree = "<group>"; };
		2C9B3AE2264A69CC006016C9 /* GoogleService-Info.plist */ = {isa = PBXFileReference; fileEncoding = 4; lastKnownFileType = text.plist.xml; path = "GoogleService-Info.plist"; sourceTree = "<group>"; };
		2CA0C118263301840077E327 /* g300.ttf */ = {isa = PBXFileReference; lastKnownFileType = file; path = g300.ttf; sourceTree = "<group>"; };
		2CA0C119263301840077E327 /* g600.ttf */ = {isa = PBXFileReference; lastKnownFileType = file; path = g600.ttf; sourceTree = "<group>"; };
		2CA0C11F2633067C0077E327 /* btn_1.png */ = {isa = PBXFileReference; lastKnownFileType = image.png; path = btn_1.png; sourceTree = "<group>"; };
		2CA0C122263306830077E327 /* btn_2.png */ = {isa = PBXFileReference; lastKnownFileType = image.png; path = btn_2.png; sourceTree = "<group>"; };
		2CA0C125263306890077E327 /* btn_3.png */ = {isa = PBXFileReference; lastKnownFileType = image.png; path = btn_3.png; sourceTree = "<group>"; };
		2CA6D514264FE4BD0031C356 /* UIFont.swift */ = {isa = PBXFileReference; lastKnownFileType = sourcecode.swift; path = UIFont.swift; sourceTree = "<group>"; };
		2CBA2F682623526B000369FC /* Toast.swift */ = {isa = PBXFileReference; fileEncoding = 4; lastKnownFileType = sourcecode.swift; path = Toast.swift; sourceTree = "<group>"; };
		2CBA2F6B26235273000369FC /* Room.swift */ = {isa = PBXFileReference; fileEncoding = 4; lastKnownFileType = sourcecode.swift; path = Room.swift; sourceTree = "<group>"; };
		2CBA2F6E262359A6000369FC /* OptionViewController.swift */ = {isa = PBXFileReference; fileEncoding = 4; lastKnownFileType = sourcecode.swift; name = OptionViewController.swift; path = ReadingRoomPRJ/ViewControllers/OptionViewController.swift; sourceTree = SOURCE_ROOT; };
		79A61F8A25DE44BE00B5C24E /* MainViewController.swift */ = {isa = PBXFileReference; lastKnownFileType = sourcecode.swift; path = MainViewController.swift; sourceTree = "<group>"; };
		79A61F8D25DE46F200B5C24E /* MySeatViewController.swift */ = {isa = PBXFileReference; lastKnownFileType = sourcecode.swift; path = MySeatViewController.swift; sourceTree = "<group>"; };
		79A61F9025DE47A400B5C24E /* ReserveViewController.swift */ = {isa = PBXFileReference; lastKnownFileType = sourcecode.swift; path = ReserveViewController.swift; sourceTree = "<group>"; };
		79B6A1AF25DE347500666EAE /* ReadingRoomPRJ.app */ = {isa = PBXFileReference; explicitFileType = wrapper.application; includeInIndex = 0; path = ReadingRoomPRJ.app; sourceTree = BUILT_PRODUCTS_DIR; };
		79B6A1B225DE347500666EAE /* AppDelegate.swift */ = {isa = PBXFileReference; lastKnownFileType = sourcecode.swift; path = AppDelegate.swift; sourceTree = "<group>"; };
		79B6A1B425DE347500666EAE /* SceneDelegate.swift */ = {isa = PBXFileReference; lastKnownFileType = sourcecode.swift; path = SceneDelegate.swift; sourceTree = "<group>"; };
		79B6A1B625DE347500666EAE /* LoginViewController.swift */ = {isa = PBXFileReference; lastKnownFileType = sourcecode.swift; path = LoginViewController.swift; sourceTree = "<group>"; };
		79B6A1B925DE347500666EAE /* Base */ = {isa = PBXFileReference; lastKnownFileType = file.storyboard; name = Base; path = Base.lproj/Main.storyboard; sourceTree = "<group>"; };
		79B6A1BC25DE347500666EAE /* ReadingRoomPRJ.xcdatamodel */ = {isa = PBXFileReference; lastKnownFileType = wrapper.xcdatamodel; path = ReadingRoomPRJ.xcdatamodel; sourceTree = "<group>"; };
		79B6A1C125DE347800666EAE /* Base */ = {isa = PBXFileReference; lastKnownFileType = file.storyboard; name = Base; path = Base.lproj/LaunchScreen.storyboard; sourceTree = "<group>"; };
		79B6A1C325DE347800666EAE /* Info.plist */ = {isa = PBXFileReference; lastKnownFileType = text.plist.xml; path = Info.plist; sourceTree = "<group>"; };
		E06083627197587410796F84 /* Pods-ReadingRoomPRJ.debug.xcconfig */ = {isa = PBXFileReference; includeInIndex = 1; lastKnownFileType = text.xcconfig; name = "Pods-ReadingRoomPRJ.debug.xcconfig"; path = "Target Support Files/Pods-ReadingRoomPRJ/Pods-ReadingRoomPRJ.debug.xcconfig"; sourceTree = "<group>"; };
		F544C5D547A5BC6937EBCCA7 /* Pods-ReadingRoomPRJ.release.xcconfig */ = {isa = PBXFileReference; includeInIndex = 1; lastKnownFileType = text.xcconfig; name = "Pods-ReadingRoomPRJ.release.xcconfig"; path = "Target Support Files/Pods-ReadingRoomPRJ/Pods-ReadingRoomPRJ.release.xcconfig"; sourceTree = "<group>"; };
/* End PBXFileReference section */

/* Begin PBXFrameworksBuildPhase section */
		79B6A1AC25DE347500666EAE /* Frameworks */ = {
			isa = PBXFrameworksBuildPhase;
			buildActionMask = 2147483647;
			files = (
				440220F1F69E5135B49233B7 /* Pods_ReadingRoomPRJ.framework in Frameworks */,
			);
			runOnlyForDeploymentPostprocessing = 0;
		};
/* End PBXFrameworksBuildPhase section */

/* Begin PBXGroup section */
		2C59B36B260CC450003AB505 /* Resource */ = {
			isa = PBXGroup;
			children = (
				2CA0C118263301840077E327 /* g300.ttf */,
				2CA0C119263301840077E327 /* g600.ttf */,
				2C59B376260CC4EA003AB505 /* RobotoMono-Regular.ttf */,
				2C59B36C260CC488003AB505 /* images */,
			);
			path = Resource;
			sourceTree = "<group>";
		};
		2C59B36C260CC488003AB505 /* images */ = {
			isa = PBXGroup;
			children = (
				2CA0C11F2633067C0077E327 /* btn_1.png */,
				2CA0C122263306830077E327 /* btn_2.png */,
				2CA0C125263306890077E327 /* btn_3.png */,
				2C59B3A8260CEA95003AB505 /* stdEx.png */,
				2C59B3AE260CEAA7003AB505 /* imgOption.jpg */,
				2C59B3AB260CEA9F003AB505 /* line.png */,
				2C59B39C260CEA30003AB505 /* emptySeat.png */,
				2C59B39F260CEA36003AB505 /* fullSeat.png */,
				2C59B3A2260CEA3B003AB505 /* ingSeat.png */,
				2C59B3A5260CEA41003AB505 /* selectedSeat.png */,
				2C59B36E260CC4D6003AB505 /* logo_green.png */,
				2C59B36D260CC4D6003AB505 /* logo_jungsook.png */,
				2C59B36F260CC4D6003AB505 /* logo_white.png */,
				2C59B370260CC4D6003AB505 /* splash_background.png */,
				2CBA2F6E262359A6000369FC /* OptionViewController.swift */,
			);
			path = images;
			sourceTree = "<group>";
		};
		2C59B378260CC522003AB505 /* Commons */ = {
			isa = PBXGroup;
			children = (
				2C295B16263F26F100C3641D /* AppStyle.swift */,
				2CBA2F682623526B000369FC /* Toast.swift */,
				2CBA2F6B26235273000369FC /* Room.swift */,
				2C59B37F260CC599003AB505 /* RequestAPI.swift */,
				2C295B1A263F278B00C3641D /* CameraAccess.swift */,
				2CA6D514264FE4BD0031C356 /* UIFont.swift */,
			);
			path = Commons;
			sourceTree = "<group>";
		};
		6F6EDE87115E467A7F18EC6A /* Frameworks */ = {
			isa = PBXGroup;
			children = (
				24DCAD65E10983C472F9C7AF /* Pods_ReadingRoomPRJ.framework */,
			);
			name = Frameworks;
			sourceTree = "<group>";
		};
		76E30D358A91B4ABA7BCC393 /* Pods */ = {
			isa = PBXGroup;
			children = (
				E06083627197587410796F84 /* Pods-ReadingRoomPRJ.debug.xcconfig */,
				F544C5D547A5BC6937EBCCA7 /* Pods-ReadingRoomPRJ.release.xcconfig */,
			);
			path = Pods;
			sourceTree = "<group>";
		};
		79A61F8425DE42C700B5C24E /* ViewControllers */ = {
			isa = PBXGroup;
			children = (
				2C295B18263F26FD00C3641D /* TimeBarView.swift */,
				79B6A1B625DE347500666EAE /* LoginViewController.swift */,
				79A61F8A25DE44BE00B5C24E /* MainViewController.swift */,
				79A61F8D25DE46F200B5C24E /* MySeatViewController.swift */,
				79A61F9025DE47A400B5C24E /* ReserveViewController.swift */,
				2C181FDF25DE96B40075ACC6 /* ShowMySeat.swift */,
				2C181FE225E062B50075ACC6 /* ShowMySeatCell.swift */,
				2C59B357260CC326003AB505 /* CollectionCell.swift */,
				2C59B358260CC326003AB505 /* CollectionCell.xib */,
				2C59B38D260CE90E003AB505 /* OptionViewController.swift */,
				2C59B391260CE92E003AB505 /* QRReaderView.swift */,
				2C59B394260CE949003AB505 /* QRCodeViewController.swift */,
				2C59B397260CE961003AB505 /* QRScanViewController.swift */,
				2C13045D262AD360006470C3 /* ExtendQRReaderView.swift */,
				2C130461262AD3F6006470C3 /* ExtendQRScanViewController.swift */,
			);
			path = ViewControllers;
			sourceTree = "<group>";
		};
		79B6A1A625DE347500666EAE = {
			isa = PBXGroup;
			children = (
				79B6A1B125DE347500666EAE /* ReadingRoomPRJ */,
				79B6A1B025DE347500666EAE /* Products */,
				76E30D358A91B4ABA7BCC393 /* Pods */,
				6F6EDE87115E467A7F18EC6A /* Frameworks */,
			);
			sourceTree = "<group>";
		};
		79B6A1B025DE347500666EAE /* Products */ = {
			isa = PBXGroup;
			children = (
				79B6A1AF25DE347500666EAE /* ReadingRoomPRJ.app */,
			);
			name = Products;
			sourceTree = "<group>";
		};
		79B6A1B125DE347500666EAE /* ReadingRoomPRJ */ = {
			isa = PBXGroup;
			children = (
				2C59B378260CC522003AB505 /* Commons */,
				2C59B36B260CC450003AB505 /* Resource */,
				79A61F8425DE42C700B5C24E /* ViewControllers */,
				79B6A1B225DE347500666EAE /* AppDelegate.swift */,
				2C59B3B1260CEB25003AB505 /* Assets.xcassets */,
				79B6A1B425DE347500666EAE /* SceneDelegate.swift */,
				79B6A1B825DE347500666EAE /* Main.storyboard */,
				79B6A1C025DE347800666EAE /* LaunchScreen.storyboard */,
				79B6A1C325DE347800666EAE /* Info.plist */,
				2C9B3AE2264A69CC006016C9 /* GoogleService-Info.plist */,
				79B6A1BB25DE347500666EAE /* ReadingRoomPRJ.xcdatamodeld */,
			);
			path = ReadingRoomPRJ;
			sourceTree = "<group>";
		};
/* End PBXGroup section */

/* Begin PBXNativeTarget section */
		79B6A1AE25DE347500666EAE /* ReadingRoomPRJ */ = {
			isa = PBXNativeTarget;
			buildConfigurationList = 79B6A1C625DE347800666EAE /* Build configuration list for PBXNativeTarget "ReadingRoomPRJ" */;
			buildPhases = (
				2E73FDD707B1BFB050656505 /* [CP] Check Pods Manifest.lock */,
				79B6A1AB25DE347500666EAE /* Sources */,
				79B6A1AC25DE347500666EAE /* Frameworks */,
				79B6A1AD25DE347500666EAE /* Resources */,
				C0CBC755B2493DAF4594D314 /* [CP] Embed Pods Frameworks */,
			);
			buildRules = (
			);
			dependencies = (
			);
			name = ReadingRoomPRJ;
			productName = ReadingRoomPRJ;
			productReference = 79B6A1AF25DE347500666EAE /* ReadingRoomPRJ.app */;
			productType = "com.apple.product-type.application";
		};
/* End PBXNativeTarget section */

/* Begin PBXProject section */
		79B6A1A725DE347500666EAE /* Project object */ = {
			isa = PBXProject;
			attributes = {
				LastSwiftUpdateCheck = 1220;
				LastUpgradeCheck = 1220;
				TargetAttributes = {
					79B6A1AE25DE347500666EAE = {
						CreatedOnToolsVersion = 12.2;
					};
				};
			};
			buildConfigurationList = 79B6A1AA25DE347500666EAE /* Build configuration list for PBXProject "ReadingRoomPRJ" */;
			compatibilityVersion = "Xcode 9.3";
			developmentRegion = en;
			hasScannedForEncodings = 0;
			knownRegions = (
				en,
				Base,
			);
			mainGroup = 79B6A1A625DE347500666EAE;
			productRefGroup = 79B6A1B025DE347500666EAE /* Products */;
			projectDirPath = "";
			projectRoot = "";
			targets = (
				79B6A1AE25DE347500666EAE /* ReadingRoomPRJ */,
			);
		};
/* End PBXProject section */

/* Begin PBXResourcesBuildPhase section */
		79B6A1AD25DE347500666EAE /* Resources */ = {
			isa = PBXResourcesBuildPhase;
			buildActionMask = 2147483647;
			files = (
				2C59B372260CC4D6003AB505 /* logo_green.png in Resources */,
				2C59B373260CC4D6003AB505 /* logo_white.png in Resources */,
				2CA0C1202633067C0077E327 /* btn_1.png in Resources */,
				2C59B3AF260CEAA7003AB505 /* imgOption.jpg in Resources */,
				2CA0C11B263301840077E327 /* g600.ttf in Resources */,
				2CA0C11A263301840077E327 /* g300.ttf in Resources */,
				2CA0C126263306890077E327 /* btn_3.png in Resources */,
				2C59B3A0260CEA36003AB505 /* fullSeat.png in Resources */,
				2C59B3B2260CEB25003AB505 /* Assets.xcassets in Resources */,
				2C59B374260CC4D6003AB505 /* splash_background.png in Resources */,
				2C59B3AC260CEA9F003AB505 /* line.png in Resources */,
				2C59B3A9260CEA95003AB505 /* stdEx.png in Resources */,
				2C59B371260CC4D6003AB505 /* logo_jungsook.png in Resources */,
				2C59B39D260CEA30003AB505 /* emptySeat.png in Resources */,
				2CA0C123263306830077E327 /* btn_2.png in Resources */,
				79B6A1C225DE347800666EAE /* LaunchScreen.storyboard in Resources */,
				79B6A1BA25DE347500666EAE /* Main.storyboard in Resources */,
				2C59B3A6260CEA42003AB505 /* selectedSeat.png in Resources */,
				2C59B35A260CC326003AB505 /* CollectionCell.xib in Resources */,
				2C59B3A3260CEA3B003AB505 /* ingSeat.png in Resources */,
				2C9B3AE3264A69CC006016C9 /* GoogleService-Info.plist in Resources */,
			);
			runOnlyForDeploymentPostprocessing = 0;
		};
/* End PBXResourcesBuildPhase section */

/* Begin PBXShellScriptBuildPhase section */
		2E73FDD707B1BFB050656505 /* [CP] Check Pods Manifest.lock */ = {
			isa = PBXShellScriptBuildPhase;
			buildActionMask = 2147483647;
			files = (
			);
			inputFileListPaths = (
			);
			inputPaths = (
				"${PODS_PODFILE_DIR_PATH}/Podfile.lock",
				"${PODS_ROOT}/Manifest.lock",
			);
			name = "[CP] Check Pods Manifest.lock";
			outputFileListPaths = (
			);
			outputPaths = (
				"$(DERIVED_FILE_DIR)/Pods-ReadingRoomPRJ-checkManifestLockResult.txt",
			);
			runOnlyForDeploymentPostprocessing = 0;
			shellPath = /bin/sh;
			shellScript = "diff \"${PODS_PODFILE_DIR_PATH}/Podfile.lock\" \"${PODS_ROOT}/Manifest.lock\" > /dev/null\nif [ $? != 0 ] ; then\n    # print error to STDERR\n    echo \"error: The sandbox is not in sync with the Podfile.lock. Run 'pod install' or update your CocoaPods installation.\" >&2\n    exit 1\nfi\n# This output is used by Xcode 'outputs' to avoid re-running this script phase.\necho \"SUCCESS\" > \"${SCRIPT_OUTPUT_FILE_0}\"\n";
			showEnvVarsInLog = 0;
		};
		C0CBC755B2493DAF4594D314 /* [CP] Embed Pods Frameworks */ = {
			isa = PBXShellScriptBuildPhase;
			buildActionMask = 2147483647;
			files = (
			);
			inputFileListPaths = (
				"${PODS_ROOT}/Target Support Files/Pods-ReadingRoomPRJ/Pods-ReadingRoomPRJ-frameworks-${CONFIGURATION}-input-files.xcfilelist",
			);
			name = "[CP] Embed Pods Frameworks";
			outputFileListPaths = (
				"${PODS_ROOT}/Target Support Files/Pods-ReadingRoomPRJ/Pods-ReadingRoomPRJ-frameworks-${CONFIGURATION}-output-files.xcfilelist",
			);
			runOnlyForDeploymentPostprocessing = 0;
			shellPath = /bin/sh;
			shellScript = "\"${PODS_ROOT}/Target Support Files/Pods-ReadingRoomPRJ/Pods-ReadingRoomPRJ-frameworks.sh\"\n";
			showEnvVarsInLog = 0;
		};
/* End PBXShellScriptBuildPhase section */

/* Begin PBXSourcesBuildPhase section */
		79B6A1AB25DE347500666EAE /* Sources */ = {
			isa = PBXSourcesBuildPhase;
			buildActionMask = 2147483647;
			files = (
				2C295B1B263F278B00C3641D /* CameraAccess.swift in Sources */,
				2C130462262AD3F6006470C3 /* ExtendQRScanViewController.swift in Sources */,
				79B6A1B725DE347500666EAE /* LoginViewController.swift in Sources */,
				79A61F8E25DE46F200B5C24E /* MySeatViewController.swift in Sources */,
				2CBA2F692623526B000369FC /* Toast.swift in Sources */,
				79A61F9125DE47A400B5C24E /* ReserveViewController.swift in Sources */,
				2CBA2F6F262359A6000369FC /* OptionViewController.swift in Sources */,
				2C295B17263F26F100C3641D /* AppStyle.swift in Sources */,
				79B6A1B325DE347500666EAE /* AppDelegate.swift in Sources */,
				79B6A1BD25DE347500666EAE /* ReadingRoomPRJ.xcdatamodeld in Sources */,
				2C181FE325E062B50075ACC6 /* ShowMySeatCell.swift in Sources */,
				79B6A1B525DE347500666EAE /* SceneDelegate.swift in Sources */,
				2C59B392260CE92E003AB505 /* QRReaderView.swift in Sources */,
				2C59B395260CE949003AB505 /* QRCodeViewController.swift in Sources */,
				2C295B19263F26FD00C3641D /* TimeBarView.swift in Sources */,
				79A61F8B25DE44BE00B5C24E /* MainViewController.swift in Sources */,
				2C59B359260CC326003AB505 /* CollectionCell.swift in Sources */,
				2C59B398260CE961003AB505 /* QRScanViewController.swift in Sources */,
				2CBA2F6C26235273000369FC /* Room.swift in Sources */,
				2C59B380260CC599003AB505 /* RequestAPI.swift in Sources */,
				2CA6D515264FE4BD0031C356 /* UIFont.swift in Sources */,
				2C59B38E260CE90E003AB505 /* OptionViewController.swift in Sources */,
				2C181FE025DE96B40075ACC6 /* ShowMySeat.swift in Sources */,
				2C13045E262AD361006470C3 /* ExtendQRReaderView.swift in Sources */,
			);
			runOnlyForDeploymentPostprocessing = 0;
		};
/* End PBXSourcesBuildPhase section */

/* Begin PBXVariantGroup section */
		79B6A1B825DE347500666EAE /* Main.storyboard */ = {
			isa = PBXVariantGroup;
			children = (
				79B6A1B925DE347500666EAE /* Base */,
			);
			name = Main.storyboard;
			sourceTree = "<group>";
		};
		79B6A1C025DE347800666EAE /* LaunchScreen.storyboard */ = {
			isa = PBXVariantGroup;
			children = (
				79B6A1C125DE347800666EAE /* Base */,
			);
			name = LaunchScreen.storyboard;
			sourceTree = "<group>";
		};
/* End PBXVariantGroup section */

/* Begin XCBuildConfiguration section */
		79B6A1C425DE347800666EAE /* Debug */ = {
			isa = XCBuildConfiguration;
			buildSettings = {
				ALWAYS_SEARCH_USER_PATHS = NO;
				CLANG_ANALYZER_NONNULL = YES;
				CLANG_ANALYZER_NUMBER_OBJECT_CONVERSION = YES_AGGRESSIVE;
				CLANG_CXX_LANGUAGE_STANDARD = "gnu++14";
				CLANG_CXX_LIBRARY = "libc++";
				CLANG_ENABLE_MODULES = YES;
				CLANG_ENABLE_OBJC_ARC = YES;
				CLANG_ENABLE_OBJC_WEAK = YES;
				CLANG_WARN_BLOCK_CAPTURE_AUTORELEASING = YES;
				CLANG_WARN_BOOL_CONVERSION = YES;
				CLANG_WARN_COMMA = YES;
				CLANG_WARN_CONSTANT_CONVERSION = YES;
				CLANG_WARN_DEPRECATED_OBJC_IMPLEMENTATIONS = YES;
				CLANG_WARN_DIRECT_OBJC_ISA_USAGE = YES_ERROR;
				CLANG_WARN_DOCUMENTATION_COMMENTS = YES;
				CLANG_WARN_EMPTY_BODY = YES;
				CLANG_WARN_ENUM_CONVERSION = YES;
				CLANG_WARN_INFINITE_RECURSION = YES;
				CLANG_WARN_INT_CONVERSION = YES;
				CLANG_WARN_NON_LITERAL_NULL_CONVERSION = YES;
				CLANG_WARN_OBJC_IMPLICIT_RETAIN_SELF = YES;
				CLANG_WARN_OBJC_LITERAL_CONVERSION = YES;
				CLANG_WARN_OBJC_ROOT_CLASS = YES_ERROR;
				CLANG_WARN_QUOTED_INCLUDE_IN_FRAMEWORK_HEADER = YES;
				CLANG_WARN_RANGE_LOOP_ANALYSIS = YES;
				CLANG_WARN_STRICT_PROTOTYPES = YES;
				CLANG_WARN_SUSPICIOUS_MOVE = YES;
				CLANG_WARN_UNGUARDED_AVAILABILITY = YES_AGGRESSIVE;
				CLANG_WARN_UNREACHABLE_CODE = YES;
				CLANG_WARN__DUPLICATE_METHOD_MATCH = YES;
				COPY_PHASE_STRIP = NO;
				DEBUG_INFORMATION_FORMAT = dwarf;
				ENABLE_STRICT_OBJC_MSGSEND = YES;
				ENABLE_TESTABILITY = YES;
				GCC_C_LANGUAGE_STANDARD = gnu11;
				GCC_DYNAMIC_NO_PIC = NO;
				GCC_NO_COMMON_BLOCKS = YES;
				GCC_OPTIMIZATION_LEVEL = 0;
				GCC_PREPROCESSOR_DEFINITIONS = (
					"DEBUG=1",
					"$(inherited)",
				);
				GCC_WARN_64_TO_32_BIT_CONVERSION = YES;
				GCC_WARN_ABOUT_RETURN_TYPE = YES_ERROR;
				GCC_WARN_UNDECLARED_SELECTOR = YES;
				GCC_WARN_UNINITIALIZED_AUTOS = YES_AGGRESSIVE;
				GCC_WARN_UNUSED_FUNCTION = YES;
				GCC_WARN_UNUSED_VARIABLE = YES;
				IPHONEOS_DEPLOYMENT_TARGET = 14.2;
				MTL_ENABLE_DEBUG_INFO = INCLUDE_SOURCE;
				MTL_FAST_MATH = YES;
				ONLY_ACTIVE_ARCH = YES;
				SDKROOT = iphoneos;
				SWIFT_ACTIVE_COMPILATION_CONDITIONS = DEBUG;
				SWIFT_OPTIMIZATION_LEVEL = "-Onone";
			};
			name = Debug;
		};
		79B6A1C525DE347800666EAE /* Release */ = {
			isa = XCBuildConfiguration;
			buildSettings = {
				ALWAYS_SEARCH_USER_PATHS = NO;
				CLANG_ANALYZER_NONNULL = YES;
				CLANG_ANALYZER_NUMBER_OBJECT_CONVERSION = YES_AGGRESSIVE;
				CLANG_CXX_LANGUAGE_STANDARD = "gnu++14";
				CLANG_CXX_LIBRARY = "libc++";
				CLANG_ENABLE_MODULES = YES;
				CLANG_ENABLE_OBJC_ARC = YES;
				CLANG_ENABLE_OBJC_WEAK = YES;
				CLANG_WARN_BLOCK_CAPTURE_AUTORELEASING = YES;
				CLANG_WARN_BOOL_CONVERSION = YES;
				CLANG_WARN_COMMA = YES;
				CLANG_WARN_CONSTANT_CONVERSION = YES;
				CLANG_WARN_DEPRECATED_OBJC_IMPLEMENTATIONS = YES;
				CLANG_WARN_DIRECT_OBJC_ISA_USAGE = YES_ERROR;
				CLANG_WARN_DOCUMENTATION_COMMENTS = YES;
				CLANG_WARN_EMPTY_BODY = YES;
				CLANG_WARN_ENUM_CONVERSION = YES;
				CLANG_WARN_INFINITE_RECURSION = YES;
				CLANG_WARN_INT_CONVERSION = YES;
				CLANG_WARN_NON_LITERAL_NULL_CONVERSION = YES;
				CLANG_WARN_OBJC_IMPLICIT_RETAIN_SELF = YES;
				CLANG_WARN_OBJC_LITERAL_CONVERSION = YES;
				CLANG_WARN_OBJC_ROOT_CLASS = YES_ERROR;
				CLANG_WARN_QUOTED_INCLUDE_IN_FRAMEWORK_HEADER = YES;
				CLANG_WARN_RANGE_LOOP_ANALYSIS = YES;
				CLANG_WARN_STRICT_PROTOTYPES = YES;
				CLANG_WARN_SUSPICIOUS_MOVE = YES;
				CLANG_WARN_UNGUARDED_AVAILABILITY = YES_AGGRESSIVE;
				CLANG_WARN_UNREACHABLE_CODE = YES;
				CLANG_WARN__DUPLICATE_METHOD_MATCH = YES;
				COPY_PHASE_STRIP = NO;
				DEBUG_INFORMATION_FORMAT = "dwarf-with-dsym";
				ENABLE_NS_ASSERTIONS = NO;
				ENABLE_STRICT_OBJC_MSGSEND = YES;
				GCC_C_LANGUAGE_STANDARD = gnu11;
				GCC_NO_COMMON_BLOCKS = YES;
				GCC_WARN_64_TO_32_BIT_CONVERSION = YES;
				GCC_WARN_ABOUT_RETURN_TYPE = YES_ERROR;
				GCC_WARN_UNDECLARED_SELECTOR = YES;
				GCC_WARN_UNINITIALIZED_AUTOS = YES_AGGRESSIVE;
				GCC_WARN_UNUSED_FUNCTION = YES;
				GCC_WARN_UNUSED_VARIABLE = YES;
				IPHONEOS_DEPLOYMENT_TARGET = 14.2;
				MTL_ENABLE_DEBUG_INFO = NO;
				MTL_FAST_MATH = YES;
				SDKROOT = iphoneos;
				SWIFT_COMPILATION_MODE = wholemodule;
				SWIFT_OPTIMIZATION_LEVEL = "-O";
				VALIDATE_PRODUCT = YES;
			};
			name = Release;
		};
		79B6A1C725DE347800666EAE /* Debug */ = {
			isa = XCBuildConfiguration;
			baseConfigurationReference = E06083627197587410796F84 /* Pods-ReadingRoomPRJ.debug.xcconfig */;
			buildSettings = {
				ASSETCATALOG_COMPILER_APPICON_NAME = AppIcon;
				ASSETCATALOG_COMPILER_GLOBAL_ACCENT_COLOR_NAME = AccentColor;
				CODE_SIGN_STYLE = Automatic;
				DEVELOPMENT_TEAM = VKGAQDGK5R;
				INFOPLIST_FILE = ReadingRoomPRJ/Info.plist;
				LD_RUNPATH_SEARCH_PATHS = (
					"$(inherited)",
					"@executable_path/Frameworks",
				);
				PRODUCT_BUNDLE_IDENTIFIER = com.boni.ReadingRoomPRJ;
				PRODUCT_NAME = "$(TARGET_NAME)";
				SWIFT_VERSION = 5.0;
				TARGETED_DEVICE_FAMILY = "1,2";
			};
			name = Debug;
		};
		79B6A1C825DE347800666EAE /* Release */ = {
			isa = XCBuildConfiguration;
			baseConfigurationReference = F544C5D547A5BC6937EBCCA7 /* Pods-ReadingRoomPRJ.release.xcconfig */;
			buildSettings = {
				ASSETCATALOG_COMPILER_APPICON_NAME = AppIcon;
				ASSETCATALOG_COMPILER_GLOBAL_ACCENT_COLOR_NAME = AccentColor;
				CODE_SIGN_STYLE = Automatic;
				DEVELOPMENT_TEAM = VKGAQDGK5R;
				INFOPLIST_FILE = ReadingRoomPRJ/Info.plist;
				LD_RUNPATH_SEARCH_PATHS = (
					"$(inherited)",
					"@executable_path/Frameworks",
				);
				PRODUCT_BUNDLE_IDENTIFIER = com.boni.ReadingRoomPRJ;
				PRODUCT_NAME = "$(TARGET_NAME)";
				SWIFT_VERSION = 5.0;
				TARGETED_DEVICE_FAMILY = "1,2";
			};
			name = Release;
		};
/* End XCBuildConfiguration section */

/* Begin XCConfigurationList section */
		79B6A1AA25DE347500666EAE /* Build configuration list for PBXProject "ReadingRoomPRJ" */ = {
			isa = XCConfigurationList;
			buildConfigurations = (
				79B6A1C425DE347800666EAE /* Debug */,
				79B6A1C525DE347800666EAE /* Release */,
			);
			defaultConfigurationIsVisible = 0;
			defaultConfigurationName = Release;
		};
		79B6A1C625DE347800666EAE /* Build configuration list for PBXNativeTarget "ReadingRoomPRJ" */ = {
			isa = XCConfigurationList;
			buildConfigurations = (
				79B6A1C725DE347800666EAE /* Debug */,
				79B6A1C825DE347800666EAE /* Release */,
			);
			defaultConfigurationIsVisible = 0;
			defaultConfigurationName = Release;
		};
/* End XCConfigurationList section */

/* Begin XCVersionGroup section */
		79B6A1BB25DE347500666EAE /* ReadingRoomPRJ.xcdatamodeld */ = {
			isa = XCVersionGroup;
			children = (
				79B6A1BC25DE347500666EAE /* ReadingRoomPRJ.xcdatamodel */,
			);
			currentVersion = 79B6A1BC25DE347500666EAE /* ReadingRoomPRJ.xcdatamodel */;
			path = ReadingRoomPRJ.xcdatamodeld;
			sourceTree = "<group>";
			versionGroupType = wrapper.xcdatamodel;
		};
/* End XCVersionGroup section */
	};
	rootObject = 79B6A1A725DE347500666EAE /* Project object */;
}
